
Microsoft Visual Studio Solution File, Format Version 12.00
# Visual Studio Version 17
VisualStudioVersion = 17.8.34309.116
MinimumVisualStudioVersion = 10.0.40219.1
Project("{2150E333-8FDC-42A3-9474-1A3956D46DE8}") = "Aplicacion", "Aplicacion", "{6974AEA7-E2A9-4EF1-B879-FBB5AC962DED}"
EndProject
Project("{2150E333-8FDC-42A3-9474-1A3956D46DE8}") = "Dominio", "Dominio", "{202D80B4-9177-4A66-B23A-76A6925BA2BD}"
EndProject
Project("{9A19103F-16F7-4668-BE54-9A1E7A4F7556}") = "VentaWorker.Application", "VentaWorker.Application\VentaWorker.Application.csproj", "{5BE60D43-1C07-405F-BCC3-0A58BADCECE8}"
EndProject
Project("{9A19103F-16F7-4668-BE54-9A1E7A4F7556}") = "VentaWorker.Domain", "VentaWorker.Domain\VentaWorker.Domain.csproj", "{6736B79E-60DE-40F5-852A-07CFAAEF87FA}"
EndProject
Project("{2150E333-8FDC-42A3-9474-1A3956D46DE8}") = "Infraestructura", "Infraestructura", "{1B61CDD6-F1B7-4FD5-981E-33CB0684530E}"
EndProject
Project("{9A19103F-16F7-4668-BE54-9A1E7A4F7556}") = "VentaWorker.Infrastructure", "VentaWorker.Infrastructure\VentaWorker.Infrastructure.csproj", "{F646A21E-0532-4B87-A486-B6CB03709751}"
EndProject
Project("{2150E333-8FDC-42A3-9474-1A3956D46DE8}") = "Worker", "Worker", "{853760EA-B845-43DF-9A1C-BAFE3E4710F2}"
EndProject
Project("{9A19103F-16F7-4668-BE54-9A1E7A4F7556}") = "Venta.Worker", "Venta.Worker\Venta.Worker.csproj", "{8390C7BA-F7B5-4EBF-A4C3-1FB0FDF42E40}"
EndProject
Project("{2150E333-8FDC-42A3-9474-1A3956D46DE8}") = "CrossCutting", "CrossCutting", "{71471F7F-F579-4F1A-8346-725F43F79DB5}"
EndProject
Project("{FAE04EC0-301F-11D3-BF4B-00C04F79EFBC}") = "VentaWorker.CrossCutting", "VentaWorker.CrossCutting\VentaWorker.CrossCutting.csproj", "{845966D6-6B23-4B66-9356-8FF598A83962}"
EndProject
Global
	GlobalSection(SolutionConfigurationPlatforms) = preSolution
		Debug|Any CPU = Debug|Any CPU
		Release|Any CPU = Release|Any CPU
	EndGlobalSection
	GlobalSection(ProjectConfigurationPlatforms) = postSolution
		{5BE60D43-1C07-405F-BCC3-0A58BADCECE8}.Debug|Any CPU.ActiveCfg = Debug|Any CPU
		{5BE60D43-1C07-405F-BCC3-0A58BADCECE8}.Debug|Any CPU.Build.0 = Debug|Any CPU
		{5BE60D43-1C07-405F-BCC3-0A58BADCECE8}.Release|Any CPU.ActiveCfg = Release|Any CPU
		{5BE60D43-1C07-405F-BCC3-0A58BADCECE8}.Release|Any CPU.Build.0 = Release|Any CPU
		{6736B79E-60DE-40F5-852A-07CFAAEF87FA}.Debug|Any CPU.ActiveCfg = Debug|Any CPU
		{6736B79E-60DE-40F5-852A-07CFAAEF87FA}.Debug|Any CPU.Build.0 = Debug|Any CPU
		{6736B79E-60DE-40F5-852A-07CFAAEF87FA}.Release|Any CPU.ActiveCfg = Release|Any CPU
		{6736B79E-60DE-40F5-852A-07CFAAEF87FA}.Release|Any CPU.Build.0 = Release|Any CPU
		{F646A21E-0532-4B87-A486-B6CB03709751}.Debug|Any CPU.ActiveCfg = Debug|Any CPU
		{F646A21E-0532-4B87-A486-B6CB03709751}.Debug|Any CPU.Build.0 = Debug|Any CPU
		{F646A21E-0532-4B87-A486-B6CB03709751}.Release|Any CPU.ActiveCfg = Release|Any CPU
		{F646A21E-0532-4B87-A486-B6CB03709751}.Release|Any CPU.Build.0 = Release|Any CPU
		{8390C7BA-F7B5-4EBF-A4C3-1FB0FDF42E40}.Debug|Any CPU.ActiveCfg = Debug|Any CPU
		{8390C7BA-F7B5-4EBF-A4C3-1FB0FDF42E40}.Debug|Any CPU.Build.0 = Debug|Any CPU
		{8390C7BA-F7B5-4EBF-A4C3-1FB0FDF42E40}.Release|Any CPU.ActiveCfg = Release|Any CPU
		{8390C7BA-F7B5-4EBF-A4C3-1FB0FDF42E40}.Release|Any CPU.Build.0 = Release|Any CPU
		{845966D6-6B23-4B66-9356-8FF598A83962}.Debug|Any CPU.ActiveCfg = Debug|Any CPU
		{845966D6-6B23-4B66-9356-8FF598A83962}.Debug|Any CPU.Build.0 = Debug|Any CPU
		{845966D6-6B23-4B66-9356-8FF598A83962}.Release|Any CPU.ActiveCfg = Release|Any CPU
		{845966D6-6B23-4B66-9356-8FF598A83962}.Release|Any CPU.Build.0 = Release|Any CPU
	EndGlobalSection
	GlobalSection(SolutionProperties) = preSolution
		HideSolutionNode = FALSE
	EndGlobalSection
	GlobalSection(NestedProjects) = preSolution
		{5BE60D43-1C07-405F-BCC3-0A58BADCECE8} = {6974AEA7-E2A9-4EF1-B879-FBB5AC962DED}
		{6736B79E-60DE-40F5-852A-07CFAAEF87FA} = {202D80B4-9177-4A66-B23A-76A6925BA2BD}
		{F646A21E-0532-4B87-A486-B6CB03709751} = {1B61CDD6-F1B7-4FD5-981E-33CB0684530E}
		{8390C7BA-F7B5-4EBF-A4C3-1FB0FDF42E40} = {853760EA-B845-43DF-9A1C-BAFE3E4710F2}
		{845966D6-6B23-4B66-9356-8FF598A83962} = {71471F7F-F579-4F1A-8346-725F43F79DB5}
	EndGlobalSection
	GlobalSection(ExtensibilityGlobals) = postSolution
		SolutionGuid = {2CB3C70D-1118-44FE-8D01-EE7D7E67B955}
	EndGlobalSection
EndGlobal
